// !$*UTF8*$!
{
	archiveVersion = 1;
	classes = {
	};
	objectVersion = 77;
	objects = {

/* Begin PBXContainerItemProxy section */
		FBAF106A2F2062FF00DE7942 /* PBXContainerItemProxy */ = {
			isa = PBXContainerItemProxy;
			containerPortal = FBAF104B2F2062FC00DE7942 /* Project object */;
			proxyType = 1;
			remoteGlobalIDString = FBAF10522F2062FC00DE7942;
			remoteInfo = "katheryn-act1";
		};
		FBAF10742F2062FF00DE7942 /* PBXContainerItemProxy */ = {
			isa = PBXContainerItemProxy;
			containerPortal = FBAF104B2F2062FC00DE7942 /* Project object */;
			proxyType = 1;
			remoteGlobalIDString = FBAF10522F2062FC00DE7942;
			remoteInfo = "katheryn-act1";
		};
/* End PBXContainerItemProxy section */

/* Begin PBXFileReference section */
		FBAF10532F2062FC00DE7942 /* katheryn-act1.app */ = {isa = PBXFileReference; explicitFileType = wrapper.application; includeInIndex = 0; path = "katheryn-act1.app"; sourceTree = BUILT_PRODUCTS_DIR; };
		FBAF10692F2062FF00DE7942 /* katheryn-act1Tests.xctest */ = {isa = PBXFileReference; explicitFileType = wrapper.cfbundle; includeInIndex = 0; path = "katheryn-act1Tests.xctest"; sourceTree = BUILT_PRODUCTS_DIR; };
		FBAF10732F2062FF00DE7942 /* katheryn-act1UITests.xctest */ = {isa = PBXFileReference; explicitFileType = wrapper.cfbundle; includeInIndex = 0; path = "katheryn-act1UITests.xctest"; sourceTree = BUILT_PRODUCTS_DIR; };
/* End PBXFileReference section */

/* Begin PBXFileSystemSynchronizedBuildFileExceptionSet section */
		FBAF107B2F2062FF00DE7942 /* Exceptions for "katheryn-act1" folder in "katheryn-act1" target */ = {
			isa = PBXFileSystemSynchronizedBuildFileExceptionSet;
			membershipExceptions = (
				Info.plist,
			);
			target = FBAF10522F2062FC00DE7942 /* katheryn-act1 */;
		};
/* End PBXFileSystemSynchronizedBuildFileExceptionSet section */

/* Begin PBXFileSystemSynchronizedRootGroup section */
		FBAF10552F2062FC00DE7942 /* katheryn-act1 */ = {
			isa = PBXFileSystemSynchronizedRootGroup;
			exceptions = (
				FBAF107B2F2062FF00DE7942 /* Exceptions for "katheryn-act1" folder in "katheryn-act1" target */,
			);
			path = "katheryn-act1";
			sourceTree = "<group>";
		};
		FBAF106C2F2062FF00DE7942 /* katheryn-act1Tests */ = {
			isa = PBXFileSystemSynchronizedRootGroup;
			path = "katheryn-act1Tests";
			sourceTree = "<group>";
		};
		FBAF10762F2062FF00DE7942 /* katheryn-act1UITests */ = {
			isa = PBXFileSystemSynchronizedRootGroup;
			path = "katheryn-act1UITests";
			sourceTree = "<group>";
		};
/* End PBXFileSystemSynchronizedRootGroup section */

/* Begin PBXFrameworksBuildPhase section */
		FBAF10502F2062FC00DE7942 /* Frameworks */ = {
			isa = PBXFrameworksBuildPhase;
			buildActionMask = 2147483647;
			files = (
			);
			runOnlyForDeploymentPostprocessing = 0;
		};
		FBAF10662F2062FF00DE7942 /* Frameworks */ = {
			isa = PBXFrameworksBuildPhase;
			buildActionMask = 2147483647;
			files = (
			);
			runOnlyForDeploymentPostprocessing = 0;
		};
		FBAF10702F2062FF00DE7942 /* Frameworks */ = {
			isa = PBXFrameworksBuildPhase;
			buildActionMask = 2147483647;
			files = (
			);
			runOnlyForDeploymentPostprocessing = 0;
		};
/* End PBXFrameworksBuildPhase section */

/* Begin PBXGroup section */
		FBAF104A2F2062FC00DE7942 = {
			isa = PBXGroup;
			children = (
				FBAF10552F2062FC00DE7942 /* katheryn-act1 */,
				FBAF106C2F2062FF00DE7942 /* katheryn-act1Tests */,
				FBAF10762F2062FF00DE7942 /* katheryn-act1UITests */,
				FBAF10542F2062FC00DE7942 /* Products */,
			);
			sourceTree = "<group>";
		};
		FBAF10542F2062FC00DE7942 /* Products */ = {
			isa = PBXGroup;
			children = (
				FBAF10532F2062FC00DE7942 /* katheryn-act1.app */,
				FBAF10692F2062FF00DE7942 /* katheryn-act1Tests.xctest */,
				FBAF10732F2062FF00DE7942 /* katheryn-act1UITests.xctest */,
			);
			name = Products;
			sourceTree = "<group>";
		};
/* End PBXGroup section */

/* Begin PBXNativeTarget section */
		FBAF10522F2062FC00DE7942 /* katheryn-act1 */ = {
			isa = PBXNativeTarget;
			buildConfigurationList = FBAF107C2F2062FF00DE7942 /* Build configuration list for PBXNativeTarget "katheryn-act1" */;
			buildPhases = (
				FBAF104F2F2062FC00DE7942 /* Sources */,
				FBAF10502F2062FC00DE7942 /* Frameworks */,
				FBAF10512F2062FC00DE7942 /* Resources */,
			);
			buildRules = (
			);
			dependencies = (
			);
			fileSystemSynchronizedGroups = (
				FBAF10552F2062FC00DE7942 /* katheryn-act1 */,
			);
			name = "katheryn-act1";
			packageProductDependencies = (
			);
			productName = "katheryn-act1";
			productReference = FBAF10532F2062FC00DE7942 /* katheryn-act1.app */;
			productType = "com.apple.product-type.application";
		};
		FBAF10682F2062FF00DE7942 /* katheryn-act1Tests */ = {
			isa = PBXNativeTarget;
			buildConfigurationList = FBAF10812F2062FF00DE7942 /* Build configuration list for PBXNativeTarget "katheryn-act1Tests" */;
			buildPhases = (
				FBAF10652F2062FF00DE7942 /* Sources */,
				FBAF10662F2062FF00DE7942 /* Frameworks */,
				FBAF10672F2062FF00DE7942 /* Resources */,
			);
			buildRules = (
			);
			dependencies = (
				FBAF106B2F2062FF00DE7942 /* PBXTargetDependency */,
			);
			fileSystemSynchronizedGroups = (
				FBAF106C2F2062FF00DE7942 /* katheryn-act1Tests */,
			);
			name = "katheryn-act1Tests";
			packageProductDependencies = (
			);
			productName = "katheryn-act1Tests";
			productReference = FBAF10692F2062FF00DE7942 /* katheryn-act1Tests.xctest */;
			productType = "com.apple.product-type.bundle.unit-test";
		};
		FBAF10722F2062FF00DE7942 /* katheryn-act1UITests */ = {
			isa = PBXNativeTarget;
			buildConfigurationList = FBAF10842F2062FF00DE7942 /* Build configuration list for PBXNativeTarget "katheryn-act1UITests" */;
			buildPhases = (
				FBAF106F2F2062FF00DE7942 /* Sources */,
				FBAF10702F2062FF00DE7942 /* Frameworks */,
				FBAF10712F2062FF00DE7942 /* Resources */,
			);
			buildRules = (
			);
			dependencies = (
				FBAF10752F2062FF00DE7942 /* PBXTargetDependency */,
			);
			fileSystemSynchronizedGroups = (
				FBAF10762F2062FF00DE7942 /* katheryn-act1UITests */,
			);
			name = "katheryn-act1UITests";
			packageProductDependencies = (
			);
			productName = "katheryn-act1UITests";
			productReference = FBAF10732F2062FF00DE7942 /* katheryn-act1UITests.xctest */;
			productType = "com.apple.product-type.bundle.ui-testing";
		};
/* End PBXNativeTarget section */

/* Begin PBXProject section */
		FBAF104B2F2062FC00DE7942 /* Project object */ = {
			isa = PBXProject;
			attributes = {
				BuildIndependentTargetsInParallel = 1;
				LastSwiftUpdateCheck = 1640;
				LastUpgradeCheck = 1640;
				TargetAttributes = {
					FBAF10522F2062FC00DE7942 = {
						CreatedOnToolsVersion = 16.4;
					};
					FBAF10682F2062FF00DE7942 = {
						CreatedOnToolsVersion = 16.4;
						TestTargetID = FBAF10522F2062FC00DE7942;
					};
					FBAF10722F2062FF00DE7942 = {
						CreatedOnToolsVersion = 16.4;
						TestTargetID = FBAF10522F2062FC00DE7942;
					};
				};
			};
			buildConfigurationList = FBAF104E2F2062FC00DE7942 /* Build configuration list for PBXProject "katheryn-act1" */;
			developmentRegion = en;
			hasScannedForEncodings = 0;
			knownRegions = (
				en,
				Base,
			);
			mainGroup = FBAF104A2F2062FC00DE7942;
			minimizedProjectReferenceProxies = 1;
			preferredProjectObjectVersion = 77;
			productRefGroup = FBAF10542F2062FC00DE7942 /* Products */;
			projectDirPath = "";
			projectRoot = "";
			targets = (
				FBAF10522F2062FC00DE7942 /* katheryn-act1 */,
				FBAF10682F2062FF00DE7942 /* katheryn-act1Tests */,
				FBAF10722F2062FF00DE7942 /* katheryn-act1UITests */,
			);
		};
/* End PBXProject section */

/* Begin PBXResourcesBuildPhase section */
		FBAF10512F2062FC00DE7942 /* Resources */ = {
			isa = PBXResourcesBuildPhase;
			buildActionMask = 2147483647;
			files = (
			);
			runOnlyForDeploymentPostprocessing = 0;
		};
		FBAF10672F2062FF00DE7942 /* Resources */ = {
			isa = PBXResourcesBuildPhase;
			buildActionMask = 2147483647;
			files = (
			);
			runOnlyForDeploymentPostprocessing = 0;
		};
		FBAF10712F2062FF00DE7942 /* Resources */ = {
			isa = PBXResourcesBuildPhase;
			buildActionMask = 2147483647;
			files = (
			);
			runOnlyForDeploymentPostprocessing = 0;
		};
/* End PBXResourcesBuildPhase section */

/* Begin PBXSourcesBuildPhase section */
		FBAF104F2F2062FC00DE7942 /* Sources */ = {
			isa = PBXSourcesBuildPhase;
			buildActionMask = 2147483647;
			files = (
			);
			runOnlyForDeploymentPostprocessing = 0;
		};
		FBAF10652F2062FF00DE7942 /* Sources */ = {
			isa = PBXSourcesBuildPhase;
			buildActionMask = 2147483647;
			files = (
			);
			runOnlyForDeploymentPostprocessing = 0;
		};
		FBAF106F2F2062FF00DE7942 /* Sources */ = {
			isa = PBXSourcesBuildPhase;
			buildActionMask = 2147483647;
			files = (
			);
			runOnlyForDeploymentPostprocessing = 0;
		};
/* End PBXSourcesBuildPhase section */

/* Begin PBXTargetDependency section */
		FBAF106B2F2062FF00DE7942 /* PBXTargetDependency */ = {
			isa = PBXTargetDependency;
			target = FBAF10522F2062FC00DE7942 /* katheryn-act1 */;
			targetProxy = FBAF106A2F2062FF00DE7942 /* PBXContainerItemProxy */;
		};
		FBAF10752F2062FF00DE7942 /* PBXTargetDependency */ = {
			isa = PBXTargetDependency;
			target = FBAF10522F2062FC00DE7942 /* katheryn-act1 */;
			targetProxy = FBAF10742F2062FF00DE7942 /* PBXContainerItemProxy */;
		};
/* End PBXTargetDependency section */

/* Begin XCBuildConfiguration section */
		FBAF107D2F2062FF00DE7942 /* Debug */ = {
			isa = XCBuildConfiguration;
			buildSettings = {
				ASSETCATALOG_COMPILER_APPICON_NAME = AppIcon;
				ASSETCATALOG_COMPILER_GLOBAL_ACCENT_COLOR_NAME = AccentColor;
				CODE_SIGN_STYLE = Automatic;
				CURRENT_PROJECT_VERSION = 1;
				GENERATE_INFOPLIST_FILE = YES;
				INFOPLIST_FILE = "katheryn-act1/Info.plist";
				INFOPLIST_KEY_UIApplicationSupportsIndirectInputEvents = YES;
				INFOPLIST_KEY_UILaunchStoryboardName = LaunchScreen;
				INFOPLIST_KEY_UIMainStoryboardFile = Main;
				INFOPLIST_KEY_UISupportedInterfaceOrientations_iPad = "UIInterfaceOrientationPortrait UIInterfaceOrientationPortraitUpsideDown UIInterfaceOrientationLandscapeLeft UIInterfaceOrientationLandscapeRight";
				INFOPLIST_KEY_UISupportedInterfaceOrientations_iPhone = "UIInterfaceOrientationPortrait UIInterfaceOrientationLandscapeLeft UIInterfaceOrientationLandscapeRight";
				LD_RUNPATH_SEARCH_PATHS = (
					"$(inherited)",
					"@executable_path/Frameworks",
				);
				MARKETING_VERSION = 1.0;
				PRODUCT_BUNDLE_IDENTIFIER = "tecmilenio.katheryn-act1";
				PRODUCT_NAME = "$(TARGET_NAME)";
				SWIFT_EMIT_LOC_STRINGS = YES;
				SWIFT_VERSION = 5.0;
				TARGETED_DEVICE_FAMILY = "1,2";
			};
			name = Debug;
		};
		FBAF107E2F2062FF00DE7942 /* Release */ = {
			isa = XCBuildConfiguration;
			buildSettings = {
				ASSETCATALOG_COMPILER_APPICON_NAME = AppIcon;
				ASSETCATALOG_COMPILER_GLOBAL_ACCENT_COLOR_NAME = AccentColor;
				CODE_SIGN_STYLE = Automatic;
				CURRENT_PROJECT_VERSION = 1;
				GENERATE_INFOPLIST_FILE = YES;
				INFOPLIST_FILE = "katheryn-act1/Info.plist";
				INFOPLIST_KEY_UIApplicationSupportsIndirectInputEvents = YES;
				INFOPLIST_KEY_UILaunchStoryboardName = LaunchScreen;
				INFOPLIST_KEY_UIMainStoryboardFile = Main;
				INFOPLIST_KEY_UISupportedInterfaceOrientations_iPad = "UIInterfaceOrientationPortrait UIInterfaceOrientationPortraitUpsideDown UIInterfaceOrientationLandscapeLeft UIInterfaceOrientationLandscapeRight";
				INFOPLIST_KEY_UISupportedInterfaceOrientations_iPhone = "UIInterfaceOrientationPortrait UIInterfaceOrientationLandscapeLeft UIInterfaceOrientationLandscapeRight";
				LD_RUNPATH_SEARCH_PATHS = (
					"$(inherited)",
					"@executable_path/Frameworks",
				);
				MARKETING_VERSION = 1.0;
				PRODUCT_BUNDLE_IDENTIFIER = "tecmilenio.katheryn-act1";
				PRODUCT_NAME = "$(TARGET_NAME)";
				SWIFT_EMIT_LOC_STRINGS = YES;
				SWIFT_VERSION = 5.0;
				TARGETED_DEVICE_FAMILY = "1,2";
			};
			name = Release;
		};
		FBAF107F2F2062FF00DE7942 /* Debug */ = {
			isa = XCBuildConfiguration;
			buildSettings = {
				ALWAYS_SEARCH_USER_PATHS = NO;
				ASSETCATALOG_COMPILER_GENERATE_SWIFT_ASSET_SYMBOL_EXTENSIONS = YES;
				CLANG_ANALYZER_NONNULL = YES;
				CLANG_ANALYZER_NUMBER_OBJECT_CONVERSION = YES_AGGRESSIVE;
				CLANG_CXX_LANGUAGE_STANDARD = "gnu++20";
				CLANG_ENABLE_MODULES = YES;
				CLANG_ENABLE_OBJC_ARC = YES;
				CLANG_ENABLE_OBJC_WEAK = YES;
				CLANG_WARN_BLOCK_CAPTURE_AUTORELEASING = YES;
				CLANG_WARN_BOOL_CONVERSION = YES;
				CLANG_WARN_COMMA = YES;
				CLANG_WARN_CONSTANT_CONVERSION = YES;
				CLANG_WARN_DEPRECATED_OBJC_IMPLEMENTATIONS = YES;
				CLANG_WARN_DIRECT_OBJC_ISA_USAGE = YES_ERROR;
				CLANG_WARN_DOCUMENTATION_COMMENTS = YES;
				CLANG_WARN_EMPTY_BODY = YES;
				CLANG_WARN_ENUM_CONVERSION = YES;
				CLANG_WARN_INFINITE_RECURSION = YES;
				CLANG_WARN_INT_CONVERSION = YES;
				CLANG_WARN_NON_LITERAL_NULL_CONVERSION = YES;
				CLANG_WARN_OBJC_IMPLICIT_RETAIN_SELF = YES;
				CLANG_WARN_OBJC_LITERAL_CONVERSION = YES;
				CLANG_WARN_OBJC_ROOT_CLASS = YES_ERROR;
				CLANG_WARN_QUOTED_INCLUDE_IN_FRAMEWORK_HEADER = YES;
				CLANG_WARN_RANGE_LOOP_ANALYSIS = YES;
				CLANG_WARN_STRICT_PROTOTYPES = YES;
				CLANG_WARN_SUSPICIOUS_MOVE = YES;
				CLANG_WARN_UNGUARDED_AVAILABILITY = YES_AGGRESSIVE;
				CLANG_WARN_UNREACHABLE_CODE = YES;
				CLANG_WARN__DUPLICATE_METHOD_MATCH = YES;
				COPY_PHASE_STRIP = NO;
				DEBUG_INFORMATION_FORMAT = dwarf;
				ENABLE_STRICT_OBJC_MSGSEND = YES;
				ENABLE_TESTABILITY = YES;
				ENABLE_USER_SCRIPT_SANDBOXING = YES;
				GCC_C_LANGUAGE_STANDARD = gnu17;
				GCC_DYNAMIC_NO_PIC = NO;
				GCC_NO_COMMON_BLOCKS = YES;
				GCC_OPTIMIZATION_LEVEL = 0;
				GCC_PREPROCESSOR_DEFINITIONS = (
					"DEBUG=1",
					"$(inherited)",
				);
				GCC_WARN_64_TO_32_BIT_CONVERSION = YES;
				GCC_WARN_ABOUT_RETURN_TYPE = YES_ERROR;
				GCC_WARN_UNDECLARED_SELECTOR = YES;
				GCC_WARN_UNINITIALIZED_AUTOS = YES_AGGRESSIVE;
				GCC_WARN_UNUSED_FUNCTION = YES;
				GCC_WARN_UNUSED_VARIABLE = YES;
				IPHONEOS_DEPLOYMENT_TARGET = 18.5;
				LOCALIZATION_PREFERS_STRING_CATALOGS = YES;
				MTL_ENABLE_DEBUG_INFO = INCLUDE_SOURCE;
				MTL_FAST_MATH = YES;
				ONLY_ACTIVE_ARCH = YES;
				SDKROOT = iphoneos;
				SWIFT_ACTIVE_COMPILATION_CONDITIONS = "DEBUG $(inherited)";
				SWIFT_OPTIMIZATION_LEVEL = "-Onone";
			};
			name = Debug;
		};
		FBAF10802F2062FF00DE7942 /* Release */ = {
			isa = XCBuildConfiguration;
			buildSettings = {
				ALWAYS_SEARCH_USER_PATHS = NO;
				ASSETCATALOG_COMPILER_GENERATE_SWIFT_ASSET_SYMBOL_EXTENSIONS = YES;
				CLANG_ANALYZER_NONNULL = YES;
				CLANG_ANALYZER_NUMBER_OBJECT_CONVERSION = YES_AGGRESSIVE;
				CLANG_CXX_LANGUAGE_STANDARD = "gnu++20";
				CLANG_ENABLE_MODULES = YES;
				CLANG_ENABLE_OBJC_ARC = YES;
				CLANG_ENABLE_OBJC_WEAK = YES;
				CLANG_WARN_BLOCK_CAPTURE_AUTORELEASING = YES;
				CLANG_WARN_BOOL_CONVERSION = YES;
				CLANG_WARN_COMMA = YES;
				CLANG_WARN_CONSTANT_CONVERSION = YES;
				CLANG_WARN_DEPRECATED_OBJC_IMPLEMENTATIONS = YES;
				CLANG_WARN_DIRECT_OBJC_ISA_USAGE = YES_ERROR;
				CLANG_WARN_DOCUMENTATION_COMMENTS = YES;
				CLANG_WARN_EMPTY_BODY = YES;
				CLANG_WARN_ENUM_CONVERSION = YES;
				CLANG_WARN_INFINITE_RECURSION = YES;
				CLANG_WARN_INT_CONVERSION = YES;
				CLANG_WARN_NON_LITERAL_NULL_CONVERSION = YES;
				CLANG_WARN_OBJC_IMPLICIT_RETAIN_SELF = YES;
				CLANG_WARN_OBJC_LITERAL_CONVERSION = YES;
				CLANG_WARN_OBJC_ROOT_CLASS = YES_ERROR;
				CLANG_WARN_QUOTED_INCLUDE_IN_FRAMEWORK_HEADER = YES;
				CLANG_WARN_RANGE_LOOP_ANALYSIS = YES;
				CLANG_WARN_STRICT_PROTOTYPES = YES;
				CLANG_WARN_SUSPICIOUS_MOVE = YES;
				CLANG_WARN_UNGUARDED_AVAILABILITY = YES_AGGRESSIVE;
				CLANG_WARN_UNREACHABLE_CODE = YES;
				CLANG_WARN__DUPLICATE_METHOD_MATCH = YES;
				COPY_PHASE_STRIP = NO;
				DEBUG_INFORMATION_FORMAT = "dwarf-with-dsym";
				ENABLE_NS_ASSERTIONS = NO;
				ENABLE_STRICT_OBJC_MSGSEND = YES;
				ENABLE_USER_SCRIPT_SANDBOXING = YES;
				GCC_C_LANGUAGE_STANDARD = gnu17;
				GCC_NO_COMMON_BLOCKS = YES;
				GCC_WARN_64_TO_32_BIT_CONVERSION = YES;
				GCC_WARN_ABOUT_RETURN_TYPE = YES_ERROR;
				GCC_WARN_UNDECLARED_SELECTOR = YES;
				GCC_WARN_UNINITIALIZED_AUTOS = YES_AGGRESSIVE;
				GCC_WARN_UNUSED_FUNCTION = YES;
				GCC_WARN_UNUSED_VARIABLE = YES;
				IPHONEOS_DEPLOYMENT_TARGET = 18.5;
				LOCALIZATION_PREFERS_STRING_CATALOGS = YES;
				MTL_ENABLE_DEBUG_INFO = NO;
				MTL_FAST_MATH = YES;
				SDKROOT = iphoneos;
				SWIFT_COMPILATION_MODE = wholemodule;
				VALIDATE_PRODUCT = YES;
			};
			name = Release;
		};
		FBAF10822F2062FF00DE7942 /* Debug */ = {
			isa = XCBuildConfiguration;
			buildSettings = {
				BUNDLE_LOADER = "$(TEST_HOST)";
				CODE_SIGN_STYLE = Automatic;
				CURRENT_PROJECT_VERSION = 1;
				GENERATE_INFOPLIST_FILE = YES;
				IPHONEOS_DEPLOYMENT_TARGET = 18.5;
				MARKETING_VERSION = 1.0;
				PRODUCT_BUNDLE_IDENTIFIER = "tecmilenio.katheryn-act1Tests";
				PRODUCT_NAME = "$(TARGET_NAME)";
				SWIFT_EMIT_LOC_STRINGS = NO;
				SWIFT_VERSION = 5.0;
				TARGETED_DEVICE_FAMILY = "1,2";
				TEST_HOST = "$(BUILT_PRODUCTS_DIR)/katheryn-act1.app/$(BUNDLE_EXECUTABLE_FOLDER_PATH)/katheryn-act1";
			};
			name = Debug;
		};
		FBAF10832F2062FF00DE7942 /* Release */ = {
			isa = XCBuildConfiguration;
			buildSettings = {
				BUNDLE_LOADER = "$(TEST_HOST)";
				CODE_SIGN_STYLE = Automatic;
				CURRENT_PROJECT_VERSION = 1;
				GENERATE_INFOPLIST_FILE = YES;
				IPHONEOS_DEPLOYMENT_TARGET = 18.5;
				MARKETING_VERSION = 1.0;
				PRODUCT_BUNDLE_IDENTIFIER = "tecmilenio.katheryn-act1Tests";
				PRODUCT_NAME = "$(TARGET_NAME)";
				SWIFT_EMIT_LOC_STRINGS = NO;
				SWIFT_VERSION = 5.0;
				TARGETED_DEVICE_FAMILY = "1,2";
				TEST_HOST = "$(BUILT_PRODUCTS_DIR)/katheryn-act1.app/$(BUNDLE_EXECUTABLE_FOLDER_PATH)/katheryn-act1";
			};
			name = Release;
		};
		FBAF10852F2062FF00DE7942 /* Debug */ = {
			isa = XCBuildConfiguration;
			buildSettings = {
				CODE_SIGN_STYLE = Automatic;
				CURRENT_PROJECT_VERSION = 1;
				GENERATE_INFOPLIST_FILE = YES;
				MARKETING_VERSION = 1.0;
				PRODUCT_BUNDLE_IDENTIFIER = "tecmilenio.katheryn-act1UITests";
				PRODUCT_NAME = "$(TARGET_NAME)";
				SWIFT_EMIT_LOC_STRINGS = NO;
				SWIFT_VERSION = 5.0;
				TARGETED_DEVICE_FAMILY = "1,2";
				TEST_TARGET_NAME = "katheryn-act1";
			};
			name = Debug;
		};
		FBAF10862F2062FF00DE7942 /* Release */ = {
			isa = XCBuildConfiguration;
			buildSettings = {
				CODE_SIGN_STYLE = Automatic;
				CURRENT_PROJECT_VERSION = 1;
				GENERATE_INFOPLIST_FILE = YES;
				MARKETING_VERSION = 1.0;
				PRODUCT_BUNDLE_IDENTIFIER = "tecmilenio.katheryn-act1UITests";
				PRODUCT_NAME = "$(TARGET_NAME)";
				SWIFT_EMIT_LOC_STRINGS = NO;
				SWIFT_VERSION = 5.0;
				TARGETED_DEVICE_FAMILY = "1,2";
				TEST_TARGET_NAME = "katheryn-act1";
			};
			name = Release;
		};
/* End XCBuildConfiguration section */

/* Begin XCConfigurationList section */
		FBAF104E2F2062FC00DE7942 /* Build configuration list for PBXProject "katheryn-act1" */ = {
			isa = XCConfigurationList;
			buildConfigurations = (
				FBAF107F2F2062FF00DE7942 /* Debug */,
				FBAF10802F2062FF00DE7942 /* Release */,
			);
			defaultConfigurationIsVisible = 0;
			defaultConfigurationName = Release;
		};
		FBAF107C2F2062FF00DE7942 /* Build configuration list for PBXNativeTarget "katheryn-act1" */ = {
			isa = XCConfigurationList;
			buildConfigurations = (
				FBAF107D2F2062FF00DE7942 /* Debug */,
				FBAF107E2F2062FF00DE7942 /* Release */,
			);
			defaultConfigurationIsVisible = 0;
			defaultConfigurationName = Release;
		};
		FBAF10812F2062FF00DE7942 /* Build configuration list for PBXNativeTarget "katheryn-act1Tests" */ = {
			isa = XCConfigurationList;
			buildConfigurations = (
				FBAF10822F2062FF00DE7942 /* Debug */,
				FBAF10832F2062FF00DE7942 /* Release */,
			);
			defaultConfigurationIsVisible = 0;
			defaultConfigurationName = Release;
		};
		FBAF10842F2062FF00DE7942 /* Build configuration list for PBXNativeTarget "katheryn-act1UITests" */ = {
			isa = XCConfigurationList;
			buildConfigurations = (
				FBAF10852F2062FF00DE7942 /* Debug */,
				FBAF10862F2062FF00DE7942 /* Release */,
			);
			defaultConfigurationIsVisible = 0;
			defaultConfigurationName = Release;
		};
/* End XCConfigurationList section */
	};
	rootObject = FBAF104B2F2062FC00DE7942 /* Project object */;
}
